
Microsoft Visual Studio Solution File, Format Version 12.00
# Visual Studio Version 17
VisualStudioVersion = 17.8.34525.116
MinimumVisualStudioVersion = 10.0.40219.1
Project("{FAE04EC0-301F-11D3-BF4B-00C04F79EFBC}") = "RentACars", "RentACars\RentACars.csproj", "{84C3FEA4-BA58-4730-B097-4D3D312F38D5}"
EndProject
Global
	GlobalSection(SolutionConfigurationPlatforms) = preSolution
		Debug|Any CPU = Debug|Any CPU
		Release|Any CPU = Release|Any CPU
	EndGlobalSection
	GlobalSection(ProjectConfigurationPlatforms) = postSolution
		{84C3FEA4-BA58-4730-B097-4D3D312F38D5}.Debug|Any CPU.ActiveCfg = Debug|Any CPU
		{84C3FEA4-BA58-4730-B097-4D3D312F38D5}.Debug|Any CPU.Build.0 = Debug|Any CPU
		{84C3FEA4-BA58-4730-B097-4D3D312F38D5}.Debug|Any CPU.Deploy.0 = Debug|Any CPU
		{84C3FEA4-BA58-4730-B097-4D3D312F38D5}.Release|Any CPU.ActiveCfg = Release|Any CPU
		{84C3FEA4-BA58-4730-B097-4D3D312F38D5}.Release|Any CPU.Build.0 = Release|Any CPU
		{84C3FEA4-BA58-4730-B097-4D3D312F38D5}.Release|Any CPU.Deploy.0 = Release|Any CPU
	EndGlobalSection
	GlobalSection(SolutionProperties) = preSolution
		HideSolutionNode = FALSE
	EndGlobalSection
	GlobalSection(ExtensibilityGlobals) = postSolution
		SolutionGuid = {852D7C05-0AA7-4851-9494-14876DC81CD1}
	EndGlobalSection
EndGlobal
